
Microsoft Visual Studio Solution File, Format Version 12.00
# Visual Studio 15
VisualStudioVersion = 15.0.28307.168
MinimumVisualStudioVersion = 10.0.40219.1
Project("{FAE04EC0-301F-11D3-BF4B-00C04F79EFBC}") = "XamLog", "XamLog\XamLog.csproj", "{DFA842B2-F657-43A1-AB89-479EF5AF7935}"
EndProject
Global
	GlobalSection(SolutionConfigurationPlatforms) = preSolution
		Debug|Any CPU = Debug|Any CPU
		Release|Any CPU = Release|Any CPU
	EndGlobalSection
	GlobalSection(ProjectConfigurationPlatforms) = postSolution
		{DFA842B2-F657-43A1-AB89-479EF5AF7935}.Debug|Any CPU.ActiveCfg = Debug|Any CPU
		{DFA842B2-F657-43A1-AB89-479EF5AF7935}.Debug|Any CPU.Build.0 = Debug|Any CPU
		{DFA842B2-F657-43A1-AB89-479EF5AF7935}.Release|Any CPU.ActiveCfg = Release|Any CPU
		{DFA842B2-F657-43A1-AB89-479EF5AF7935}.Release|Any CPU.Build.0 = Release|Any CPU
	EndGlobalSection
	GlobalSection(SolutionProperties) = preSolution
		HideSolutionNode = FALSE
	EndGlobalSection
	GlobalSection(ExtensibilityGlobals) = postSolution
		SolutionGuid = {35597E08-1B8C-410A-A7A2-8FEE5A901BE1}
	EndGlobalSection
EndGlobal
